// !$*UTF8*$!
{
	archiveVersion = 1;
	classes = {
	};
	objectVersion = 56;
	objects = {

/* Begin PBXBuildFile section */
		690382B72A1A5757008B6DBD /* CurrencyConverterApp.swift in Sources */ = {isa = PBXBuildFile; fileRef = 690382B62A1A5757008B6DBD /* CurrencyConverterApp.swift */; };
		690382BB2A1A5758008B6DBD /* Assets.xcassets in Resources */ = {isa = PBXBuildFile; fileRef = 690382BA2A1A5758008B6DBD /* Assets.xcassets */; };
		690382BE2A1A5758008B6DBD /* Preview Assets.xcassets in Resources */ = {isa = PBXBuildFile; fileRef = 690382BD2A1A5758008B6DBD /* Preview Assets.xcassets */; };
		690382C82A1A5758008B6DBD /* CurrencyConverterTests.swift in Sources */ = {isa = PBXBuildFile; fileRef = 690382C72A1A5758008B6DBD /* CurrencyConverterTests.swift */; };
		690382D22A1A5758008B6DBD /* CurrencyConverterUITests.swift in Sources */ = {isa = PBXBuildFile; fileRef = 690382D12A1A5758008B6DBD /* CurrencyConverterUITests.swift */; };
		690382D42A1A5758008B6DBD /* CurrencyConverterUITestsLaunchTests.swift in Sources */ = {isa = PBXBuildFile; fileRef = 690382D32A1A5758008B6DBD /* CurrencyConverterUITestsLaunchTests.swift */; };
		692A88BC2A99DD9800124E19 /* Currency.swift in Sources */ = {isa = PBXBuildFile; fileRef = 692A88BB2A99DD9800124E19 /* Currency.swift */; };
		692A88C12A99E00B00124E19 /* CurrencyListView.swift in Sources */ = {isa = PBXBuildFile; fileRef = 692A88C02A99E00B00124E19 /* CurrencyListView.swift */; };
		692A88C32A99E0E200124E19 /* Convertion.swift in Sources */ = {isa = PBXBuildFile; fileRef = 692A88C22A99E0E200124E19 /* Convertion.swift */; };
		692A88C52A99E16400124E19 /* FetchData.swift in Sources */ = {isa = PBXBuildFile; fileRef = 692A88C42A99E16400124E19 /* FetchData.swift */; };
		692A88C72A99E74200124E19 /* TabNavigationView.swift in Sources */ = {isa = PBXBuildFile; fileRef = 692A88C62A99E74200124E19 /* TabNavigationView.swift */; };
		6996BDB92A9BF14A00C002B9 /* ExchangeResult.swift in Sources */ = {isa = PBXBuildFile; fileRef = 6996BDB82A9BF14A00C002B9 /* ExchangeResult.swift */; };
		6996BDBB2A9BF2FA00C002B9 /* ExchangeResultViewModel.swift in Sources */ = {isa = PBXBuildFile; fileRef = 6996BDBA2A9BF2FA00C002B9 /* ExchangeResultViewModel.swift */; };
		6996BDBD2A9C949100C002B9 /* SettingsView.swift in Sources */ = {isa = PBXBuildFile; fileRef = 6996BDBC2A9C949100C002B9 /* SettingsView.swift */; };
		69ABD59F2A9BA502006EF98F /* ConverterView.swift in Sources */ = {isa = PBXBuildFile; fileRef = 69ABD59E2A9BA502006EF98F /* ConverterView.swift */; };
		69D994102A1A810A00D1DE7A /* Utilities.swift in Sources */ = {isa = PBXBuildFile; fileRef = 69D9940F2A1A810A00D1DE7A /* Utilities.swift */; };
/* End PBXBuildFile section */

/* Begin PBXContainerItemProxy section */
		690382C42A1A5758008B6DBD /* PBXContainerItemProxy */ = {
			isa = PBXContainerItemProxy;
			containerPortal = 690382AB2A1A5757008B6DBD /* Project object */;
			proxyType = 1;
			remoteGlobalIDString = 690382B22A1A5757008B6DBD;
			remoteInfo = CurrencyConverter;
		};
		690382CE2A1A5758008B6DBD /* PBXContainerItemProxy */ = {
			isa = PBXContainerItemProxy;
			containerPortal = 690382AB2A1A5757008B6DBD /* Project object */;
			proxyType = 1;
			remoteGlobalIDString = 690382B22A1A5757008B6DBD;
			remoteInfo = CurrencyConverter;
		};
/* End PBXContainerItemProxy section */

/* Begin PBXFileReference section */
		690382B32A1A5757008B6DBD /* CurrencyConverter.app */ = {isa = PBXFileReference; explicitFileType = wrapper.application; includeInIndex = 0; path = CurrencyConverter.app; sourceTree = BUILT_PRODUCTS_DIR; };
		690382B62A1A5757008B6DBD /* CurrencyConverterApp.swift */ = {isa = PBXFileReference; lastKnownFileType = sourcecode.swift; path = CurrencyConverterApp.swift; sourceTree = "<group>"; };
		690382BA2A1A5758008B6DBD /* Assets.xcassets */ = {isa = PBXFileReference; lastKnownFileType = folder.assetcatalog; path = Assets.xcassets; sourceTree = "<group>"; };
		690382BD2A1A5758008B6DBD /* Preview Assets.xcassets */ = {isa = PBXFileReference; lastKnownFileType = folder.assetcatalog; path = "Preview Assets.xcassets"; sourceTree = "<group>"; };
		690382C32A1A5758008B6DBD /* CurrencyConverterTests.xctest */ = {isa = PBXFileReference; explicitFileType = wrapper.cfbundle; includeInIndex = 0; path = CurrencyConverterTests.xctest; sourceTree = BUILT_PRODUCTS_DIR; };
		690382C72A1A5758008B6DBD /* CurrencyConverterTests.swift */ = {isa = PBXFileReference; lastKnownFileType = sourcecode.swift; path = CurrencyConverterTests.swift; sourceTree = "<group>"; };
		690382CD2A1A5758008B6DBD /* CurrencyConverterUITests.xctest */ = {isa = PBXFileReference; explicitFileType = wrapper.cfbundle; includeInIndex = 0; path = CurrencyConverterUITests.xctest; sourceTree = BUILT_PRODUCTS_DIR; };
		690382D12A1A5758008B6DBD /* CurrencyConverterUITests.swift */ = {isa = PBXFileReference; lastKnownFileType = sourcecode.swift; path = CurrencyConverterUITests.swift; sourceTree = "<group>"; };
		690382D32A1A5758008B6DBD /* CurrencyConverterUITestsLaunchTests.swift */ = {isa = PBXFileReference; lastKnownFileType = sourcecode.swift; path = CurrencyConverterUITestsLaunchTests.swift; sourceTree = "<group>"; };
		692A88BB2A99DD9800124E19 /* Currency.swift */ = {isa = PBXFileReference; lastKnownFileType = sourcecode.swift; path = Currency.swift; sourceTree = "<group>"; };
		692A88C02A99E00B00124E19 /* CurrencyListView.swift */ = {isa = PBXFileReference; lastKnownFileType = sourcecode.swift; path = CurrencyListView.swift; sourceTree = "<group>"; };
		692A88C22A99E0E200124E19 /* Convertion.swift */ = {isa = PBXFileReference; lastKnownFileType = sourcecode.swift; path = Convertion.swift; sourceTree = "<group>"; };
		692A88C42A99E16400124E19 /* FetchData.swift */ = {isa = PBXFileReference; lastKnownFileType = sourcecode.swift; path = FetchData.swift; sourceTree = "<group>"; };
		692A88C62A99E74200124E19 /* TabNavigationView.swift */ = {isa = PBXFileReference; lastKnownFileType = sourcecode.swift; path = TabNavigationView.swift; sourceTree = "<group>"; };
		6996BDB82A9BF14A00C002B9 /* ExchangeResult.swift */ = {isa = PBXFileReference; lastKnownFileType = sourcecode.swift; path = ExchangeResult.swift; sourceTree = "<group>"; };
		6996BDBA2A9BF2FA00C002B9 /* ExchangeResultViewModel.swift */ = {isa = PBXFileReference; lastKnownFileType = sourcecode.swift; path = ExchangeResultViewModel.swift; sourceTree = "<group>"; };
		6996BDBC2A9C949100C002B9 /* SettingsView.swift */ = {isa = PBXFileReference; lastKnownFileType = sourcecode.swift; path = SettingsView.swift; sourceTree = "<group>"; };
		69ABD59E2A9BA502006EF98F /* ConverterView.swift */ = {isa = PBXFileReference; lastKnownFileType = sourcecode.swift; path = ConverterView.swift; sourceTree = "<group>"; };
		69D9940F2A1A810A00D1DE7A /* Utilities.swift */ = {isa = PBXFileReference; lastKnownFileType = sourcecode.swift; path = Utilities.swift; sourceTree = "<group>"; };
/* End PBXFileReference section */

/* Begin PBXFrameworksBuildPhase section */
		690382B02A1A5757008B6DBD /* Frameworks */ = {
			isa = PBXFrameworksBuildPhase;
			buildActionMask = 2147483647;
			files = (
			);
			runOnlyForDeploymentPostprocessing = 0;
		};
		690382C02A1A5758008B6DBD /* Frameworks */ = {
			isa = PBXFrameworksBuildPhase;
			buildActionMask = 2147483647;
			files = (
			);
			runOnlyForDeploymentPostprocessing = 0;
		};
		690382CA2A1A5758008B6DBD /* Frameworks */ = {
			isa = PBXFrameworksBuildPhase;
			buildActionMask = 2147483647;
			files = (
			);
			runOnlyForDeploymentPostprocessing = 0;
		};
/* End PBXFrameworksBuildPhase section */

/* Begin PBXGroup section */
		690382AA2A1A5757008B6DBD = {
			isa = PBXGroup;
			children = (
				690382B52A1A5757008B6DBD /* CurrencyConverter */,
				690382C62A1A5758008B6DBD /* CurrencyConverterTests */,
				690382D02A1A5758008B6DBD /* CurrencyConverterUITests */,
				690382B42A1A5757008B6DBD /* Products */,
			);
			sourceTree = "<group>";
		};
		690382B42A1A5757008B6DBD /* Products */ = {
			isa = PBXGroup;
			children = (
				690382B32A1A5757008B6DBD /* CurrencyConverter.app */,
				690382C32A1A5758008B6DBD /* CurrencyConverterTests.xctest */,
				690382CD2A1A5758008B6DBD /* CurrencyConverterUITests.xctest */,
			);
			name = Products;
			sourceTree = "<group>";
		};
		690382B52A1A5757008B6DBD /* CurrencyConverter */ = {
			isa = PBXGroup;
			children = (
				692A88BD2A99DE5400124E19 /* Model */,
				692A88BF2A99DE6700124E19 /* View */,
				692A88BE2A99DE5F00124E19 /* ViewModel */,
				690382B62A1A5757008B6DBD /* CurrencyConverterApp.swift */,
				690382BA2A1A5758008B6DBD /* Assets.xcassets */,
				690382BC2A1A5758008B6DBD /* Preview Content */,
				69D9940F2A1A810A00D1DE7A /* Utilities.swift */,
			);
			path = CurrencyConverter;
			sourceTree = "<group>";
		};
		690382BC2A1A5758008B6DBD /* Preview Content */ = {
			isa = PBXGroup;
			children = (
				690382BD2A1A5758008B6DBD /* Preview Assets.xcassets */,
			);
			path = "Preview Content";
			sourceTree = "<group>";
		};
		690382C62A1A5758008B6DBD /* CurrencyConverterTests */ = {
			isa = PBXGroup;
			children = (
				690382C72A1A5758008B6DBD /* CurrencyConverterTests.swift */,
			);
			path = CurrencyConverterTests;
			sourceTree = "<group>";
		};
		690382D02A1A5758008B6DBD /* CurrencyConverterUITests */ = {
			isa = PBXGroup;
			children = (
				690382D12A1A5758008B6DBD /* CurrencyConverterUITests.swift */,
				690382D32A1A5758008B6DBD /* CurrencyConverterUITestsLaunchTests.swift */,
			);
			path = CurrencyConverterUITests;
			sourceTree = "<group>";
		};
		692A88BD2A99DE5400124E19 /* Model */ = {
			isa = PBXGroup;
			children = (
				692A88BB2A99DD9800124E19 /* Currency.swift */,
				692A88C22A99E0E200124E19 /* Convertion.swift */,
				6996BDB82A9BF14A00C002B9 /* ExchangeResult.swift */,
			);
			path = Model;
			sourceTree = "<group>";
		};
		692A88BE2A99DE5F00124E19 /* ViewModel */ = {
			isa = PBXGroup;
			children = (
				692A88C42A99E16400124E19 /* FetchData.swift */,
				6996BDBA2A9BF2FA00C002B9 /* ExchangeResultViewModel.swift */,
			);
			path = ViewModel;
			sourceTree = "<group>";
		};
		692A88BF2A99DE6700124E19 /* View */ = {
			isa = PBXGroup;
			children = (
				692A88C02A99E00B00124E19 /* CurrencyListView.swift */,
				692A88C62A99E74200124E19 /* TabNavigationView.swift */,
				69ABD59E2A9BA502006EF98F /* ConverterView.swift */,
				6996BDBC2A9C949100C002B9 /* SettingsView.swift */,
			);
			path = View;
			sourceTree = "<group>";
		};
/* End PBXGroup section */

/* Begin PBXNativeTarget section */
		690382B22A1A5757008B6DBD /* CurrencyConverter */ = {
			isa = PBXNativeTarget;
			buildConfigurationList = 690382D72A1A5758008B6DBD /* Build configuration list for PBXNativeTarget "CurrencyConverter" */;
			buildPhases = (
				690382AF2A1A5757008B6DBD /* Sources */,
				690382B02A1A5757008B6DBD /* Frameworks */,
				690382B12A1A5757008B6DBD /* Resources */,
			);
			buildRules = (
			);
			dependencies = (
			);
			name = CurrencyConverter;
			productName = CurrencyConverter;
			productReference = 690382B32A1A5757008B6DBD /* CurrencyConverter.app */;
			productType = "com.apple.product-type.application";
		};
		690382C22A1A5758008B6DBD /* CurrencyConverterTests */ = {
			isa = PBXNativeTarget;
			buildConfigurationList = 690382DA2A1A5758008B6DBD /* Build configuration list for PBXNativeTarget "CurrencyConverterTests" */;
			buildPhases = (
				690382BF2A1A5758008B6DBD /* Sources */,
				690382C02A1A5758008B6DBD /* Frameworks */,
				690382C12A1A5758008B6DBD /* Resources */,
			);
			buildRules = (
			);
			dependencies = (
				690382C52A1A5758008B6DBD /* PBXTargetDependency */,
			);
			name = CurrencyConverterTests;
			productName = CurrencyConverterTests;
			productReference = 690382C32A1A5758008B6DBD /* CurrencyConverterTests.xctest */;
			productType = "com.apple.product-type.bundle.unit-test";
		};
		690382CC2A1A5758008B6DBD /* CurrencyConverterUITests */ = {
			isa = PBXNativeTarget;
			buildConfigurationList = 690382DD2A1A5758008B6DBD /* Build configuration list for PBXNativeTarget "CurrencyConverterUITests" */;
			buildPhases = (
				690382C92A1A5758008B6DBD /* Sources */,
				690382CA2A1A5758008B6DBD /* Frameworks */,
				690382CB2A1A5758008B6DBD /* Resources */,
			);
			buildRules = (
			);
			dependencies = (
				690382CF2A1A5758008B6DBD /* PBXTargetDependency */,
			);
			name = CurrencyConverterUITests;
			productName = CurrencyConverterUITests;
			productReference = 690382CD2A1A5758008B6DBD /* CurrencyConverterUITests.xctest */;
			productType = "com.apple.product-type.bundle.ui-testing";
		};
/* End PBXNativeTarget section */

/* Begin PBXProject section */
		690382AB2A1A5757008B6DBD /* Project object */ = {
			isa = PBXProject;
			attributes = {
				BuildIndependentTargetsInParallel = 1;
				LastSwiftUpdateCheck = 1420;
				LastUpgradeCheck = 1420;
				TargetAttributes = {
					690382B22A1A5757008B6DBD = {
						CreatedOnToolsVersion = 14.2;
					};
					690382C22A1A5758008B6DBD = {
						CreatedOnToolsVersion = 14.2;
						TestTargetID = 690382B22A1A5757008B6DBD;
					};
					690382CC2A1A5758008B6DBD = {
						CreatedOnToolsVersion = 14.2;
						TestTargetID = 690382B22A1A5757008B6DBD;
					};
				};
			};
			buildConfigurationList = 690382AE2A1A5757008B6DBD /* Build configuration list for PBXProject "CurrencyConverter" */;
			compatibilityVersion = "Xcode 14.0";
			developmentRegion = en;
			hasScannedForEncodings = 0;
			knownRegions = (
				en,
				Base,
			);
			mainGroup = 690382AA2A1A5757008B6DBD;
			productRefGroup = 690382B42A1A5757008B6DBD /* Products */;
			projectDirPath = "";
			projectRoot = "";
			targets = (
				690382B22A1A5757008B6DBD /* CurrencyConverter */,
				690382C22A1A5758008B6DBD /* CurrencyConverterTests */,
				690382CC2A1A5758008B6DBD /* CurrencyConverterUITests */,
			);
		};
/* End PBXProject section */

/* Begin PBXResourcesBuildPhase section */
		690382B12A1A5757008B6DBD /* Resources */ = {
			isa = PBXResourcesBuildPhase;
			buildActionMask = 2147483647;
			files = (
				690382BE2A1A5758008B6DBD /* Preview Assets.xcassets in Resources */,
				690382BB2A1A5758008B6DBD /* Assets.xcassets in Resources */,
			);
			runOnlyForDeploymentPostprocessing = 0;
		};
		690382C12A1A5758008B6DBD /* Resources */ = {
			isa = PBXResourcesBuildPhase;
			buildActionMask = 2147483647;
			files = (
			);
			runOnlyForDeploymentPostprocessing = 0;
		};
		690382CB2A1A5758008B6DBD /* Resources */ = {
			isa = PBXResourcesBuildPhase;
			buildActionMask = 2147483647;
			files = (
			);
			runOnlyForDeploymentPostprocessing = 0;
		};
/* End PBXResourcesBuildPhase section */

/* Begin PBXSourcesBuildPhase section */
		690382AF2A1A5757008B6DBD /* Sources */ = {
			isa = PBXSourcesBuildPhase;
			buildActionMask = 2147483647;
			files = (
				692A88BC2A99DD9800124E19 /* Currency.swift in Sources */,
				6996BDBB2A9BF2FA00C002B9 /* ExchangeResultViewModel.swift in Sources */,
				692A88C52A99E16400124E19 /* FetchData.swift in Sources */,
				69D994102A1A810A00D1DE7A /* Utilities.swift in Sources */,
				692A88C72A99E74200124E19 /* TabNavigationView.swift in Sources */,
				6996BDB92A9BF14A00C002B9 /* ExchangeResult.swift in Sources */,
				692A88C12A99E00B00124E19 /* CurrencyListView.swift in Sources */,
				69ABD59F2A9BA502006EF98F /* ConverterView.swift in Sources */,
				692A88C32A99E0E200124E19 /* Convertion.swift in Sources */,
				690382B72A1A5757008B6DBD /* CurrencyConverterApp.swift in Sources */,
				6996BDBD2A9C949100C002B9 /* SettingsView.swift in Sources */,
			);
			runOnlyForDeploymentPostprocessing = 0;
		};
		690382BF2A1A5758008B6DBD /* Sources */ = {
			isa = PBXSourcesBuildPhase;
			buildActionMask = 2147483647;
			files = (
				690382C82A1A5758008B6DBD /* CurrencyConverterTests.swift in Sources */,
			);
			runOnlyForDeploymentPostprocessing = 0;
		};
		690382C92A1A5758008B6DBD /* Sources */ = {
			isa = PBXSourcesBuildPhase;
			buildActionMask = 2147483647;
			files = (
				690382D42A1A5758008B6DBD /* CurrencyConverterUITestsLaunchTests.swift in Sources */,
				690382D22A1A5758008B6DBD /* CurrencyConverterUITests.swift in Sources */,
			);
			runOnlyForDeploymentPostprocessing = 0;
		};
/* End PBXSourcesBuildPhase section */

/* Begin PBXTargetDependency section */
		690382C52A1A5758008B6DBD /* PBXTargetDependency */ = {
			isa = PBXTargetDependency;
			target = 690382B22A1A5757008B6DBD /* CurrencyConverter */;
			targetProxy = 690382C42A1A5758008B6DBD /* PBXContainerItemProxy */;
		};
		690382CF2A1A5758008B6DBD /* PBXTargetDependency */ = {
			isa = PBXTargetDependency;
			target = 690382B22A1A5757008B6DBD /* CurrencyConverter */;
			targetProxy = 690382CE2A1A5758008B6DBD /* PBXContainerItemProxy */;
		};
/* End PBXTargetDependency section */

/* Begin XCBuildConfiguration section */
		690382D52A1A5758008B6DBD /* Debug */ = {
			isa = XCBuildConfiguration;
			buildSettings = {
				ALWAYS_SEARCH_USER_PATHS = NO;
				CLANG_ANALYZER_NONNULL = YES;
				CLANG_ANALYZER_NUMBER_OBJECT_CONVERSION = YES_AGGRESSIVE;
				CLANG_CXX_LANGUAGE_STANDARD = "gnu++20";
				CLANG_ENABLE_MODULES = YES;
				CLANG_ENABLE_OBJC_ARC = YES;
				CLANG_ENABLE_OBJC_WEAK = YES;
				CLANG_WARN_BLOCK_CAPTURE_AUTORELEASING = YES;
				CLANG_WARN_BOOL_CONVERSION = YES;
				CLANG_WARN_COMMA = YES;
				CLANG_WARN_CONSTANT_CONVERSION = YES;
				CLANG_WARN_DEPRECATED_OBJC_IMPLEMENTATIONS = YES;
				CLANG_WARN_DIRECT_OBJC_ISA_USAGE = YES_ERROR;
				CLANG_WARN_DOCUMENTATION_COMMENTS = YES;
				CLANG_WARN_EMPTY_BODY = YES;
				CLANG_WARN_ENUM_CONVERSION = YES;
				CLANG_WARN_INFINITE_RECURSION = YES;
				CLANG_WARN_INT_CONVERSION = YES;
				CLANG_WARN_NON_LITERAL_NULL_CONVERSION = YES;
				CLANG_WARN_OBJC_IMPLICIT_RETAIN_SELF = YES;
				CLANG_WARN_OBJC_LITERAL_CONVERSION = YES;
				CLANG_WARN_OBJC_ROOT_CLASS = YES_ERROR;
				CLANG_WARN_QUOTED_INCLUDE_IN_FRAMEWORK_HEADER = YES;
				CLANG_WARN_RANGE_LOOP_ANALYSIS = YES;
				CLANG_WARN_STRICT_PROTOTYPES = YES;
				CLANG_WARN_SUSPICIOUS_MOVE = YES;
				CLANG_WARN_UNGUARDED_AVAILABILITY = YES_AGGRESSIVE;
				CLANG_WARN_UNREACHABLE_CODE = YES;
				CLANG_WARN__DUPLICATE_METHOD_MATCH = YES;
				COPY_PHASE_STRIP = NO;
				DEBUG_INFORMATION_FORMAT = dwarf;
				ENABLE_STRICT_OBJC_MSGSEND = YES;
				ENABLE_TESTABILITY = YES;
				GCC_C_LANGUAGE_STANDARD = gnu11;
				GCC_DYNAMIC_NO_PIC = NO;
				GCC_NO_COMMON_BLOCKS = YES;
				GCC_OPTIMIZATION_LEVEL = 0;
				GCC_PREPROCESSOR_DEFINITIONS = (
					"DEBUG=1",
					"$(inherited)",
				);
				GCC_WARN_64_TO_32_BIT_CONVERSION = YES;
				GCC_WARN_ABOUT_RETURN_TYPE = YES_ERROR;
				GCC_WARN_UNDECLARED_SELECTOR = YES;
				GCC_WARN_UNINITIALIZED_AUTOS = YES_AGGRESSIVE;
				GCC_WARN_UNUSED_FUNCTION = YES;
				GCC_WARN_UNUSED_VARIABLE = YES;
				IPHONEOS_DEPLOYMENT_TARGET = 16.2;
				MTL_ENABLE_DEBUG_INFO = INCLUDE_SOURCE;
				MTL_FAST_MATH = YES;
				ONLY_ACTIVE_ARCH = YES;
				SDKROOT = iphoneos;
				SWIFT_ACTIVE_COMPILATION_CONDITIONS = DEBUG;
				SWIFT_OPTIMIZATION_LEVEL = "-Onone";
			};
			name = Debug;
		};
		690382D62A1A5758008B6DBD /* Release */ = {
			isa = XCBuildConfiguration;
			buildSettings = {
				ALWAYS_SEARCH_USER_PATHS = NO;
				CLANG_ANALYZER_NONNULL = YES;
				CLANG_ANALYZER_NUMBER_OBJECT_CONVERSION = YES_AGGRESSIVE;
				CLANG_CXX_LANGUAGE_STANDARD = "gnu++20";
				CLANG_ENABLE_MODULES = YES;
				CLANG_ENABLE_OBJC_ARC = YES;
				CLANG_ENABLE_OBJC_WEAK = YES;
				CLANG_WARN_BLOCK_CAPTURE_AUTORELEASING = YES;
				CLANG_WARN_BOOL_CONVERSION = YES;
				CLANG_WARN_COMMA = YES;
				CLANG_WARN_CONSTANT_CONVERSION = YES;
				CLANG_WARN_DEPRECATED_OBJC_IMPLEMENTATIONS = YES;
				CLANG_WARN_DIRECT_OBJC_ISA_USAGE = YES_ERROR;
				CLANG_WARN_DOCUMENTATION_COMMENTS = YES;
				CLANG_WARN_EMPTY_BODY = YES;
				CLANG_WARN_ENUM_CONVERSION = YES;
				CLANG_WARN_INFINITE_RECURSION = YES;
				CLANG_WARN_INT_CONVERSION = YES;
				CLANG_WARN_NON_LITERAL_NULL_CONVERSION = YES;
				CLANG_WARN_OBJC_IMPLICIT_RETAIN_SELF = YES;
				CLANG_WARN_OBJC_LITERAL_CONVERSION = YES;
				CLANG_WARN_OBJC_ROOT_CLASS = YES_ERROR;
				CLANG_WARN_QUOTED_INCLUDE_IN_FRAMEWORK_HEADER = YES;
				CLANG_WARN_RANGE_LOOP_ANALYSIS = YES;
				CLANG_WARN_STRICT_PROTOTYPES = YES;
				CLANG_WARN_SUSPICIOUS_MOVE = YES;
				CLANG_WARN_UNGUARDED_AVAILABILITY = YES_AGGRESSIVE;
				CLANG_WARN_UNREACHABLE_CODE = YES;
				CLANG_WARN__DUPLICATE_METHOD_MATCH = YES;
				COPY_PHASE_STRIP = NO;
				DEBUG_INFORMATION_FORMAT = "dwarf-with-dsym";
				ENABLE_NS_ASSERTIONS = NO;
				ENABLE_STRICT_OBJC_MSGSEND = YES;
				GCC_C_LANGUAGE_STANDARD = gnu11;
				GCC_NO_COMMON_BLOCKS = YES;
				GCC_WARN_64_TO_32_BIT_CONVERSION = YES;
				GCC_WARN_ABOUT_RETURN_TYPE = YES_ERROR;
				GCC_WARN_UNDECLARED_SELECTOR = YES;
				GCC_WARN_UNINITIALIZED_AUTOS = YES_AGGRESSIVE;
				GCC_WARN_UNUSED_FUNCTION = YES;
				GCC_WARN_UNUSED_VARIABLE = YES;
				IPHONEOS_DEPLOYMENT_TARGET = 16.2;
				MTL_ENABLE_DEBUG_INFO = NO;
				MTL_FAST_MATH = YES;
				SDKROOT = iphoneos;
				SWIFT_COMPILATION_MODE = wholemodule;
				SWIFT_OPTIMIZATION_LEVEL = "-O";
				VALIDATE_PRODUCT = YES;
			};
			name = Release;
		};
		690382D82A1A5758008B6DBD /* Debug */ = {
			isa = XCBuildConfiguration;
			buildSettings = {
				ASSETCATALOG_COMPILER_APPICON_NAME = AppIcon;
				ASSETCATALOG_COMPILER_GLOBAL_ACCENT_COLOR_NAME = AccentColor;
				CODE_SIGN_STYLE = Automatic;
				CURRENT_PROJECT_VERSION = 1;
				DEVELOPMENT_ASSET_PATHS = "\"CurrencyConverter/Preview Content\"";
				DEVELOPMENT_TEAM = J32RGX64P6;
				ENABLE_PREVIEWS = YES;
				GENERATE_INFOPLIST_FILE = YES;
				INFOPLIST_KEY_UIApplicationSceneManifest_Generation = YES;
				INFOPLIST_KEY_UIApplicationSupportsIndirectInputEvents = YES;
				INFOPLIST_KEY_UILaunchScreen_Generation = YES;
				INFOPLIST_KEY_UISupportedInterfaceOrientations = UIInterfaceOrientationPortrait;
				INFOPLIST_KEY_UISupportedInterfaceOrientations_iPad = "UIInterfaceOrientationLandscapeLeft UIInterfaceOrientationLandscapeRight UIInterfaceOrientationPortrait UIInterfaceOrientationPortraitUpsideDown";
				LD_RUNPATH_SEARCH_PATHS = (
					"$(inherited)",
					"@executable_path/Frameworks",
				);
				MARKETING_VERSION = 1.0;
				PRODUCT_BUNDLE_IDENTIFIER = "Nick-Theodoridis.CurrencyConverter";
				PRODUCT_NAME = "$(TARGET_NAME)";
				SWIFT_EMIT_LOC_STRINGS = YES;
				SWIFT_VERSION = 5.0;
				TARGETED_DEVICE_FAMILY = "1,2";
			};
			name = Debug;
		};
		690382D92A1A5758008B6DBD /* Release */ = {
			isa = XCBuildConfiguration;
			buildSettings = {
				ASSETCATALOG_COMPILER_APPICON_NAME = AppIcon;
				ASSETCATALOG_COMPILER_GLOBAL_ACCENT_COLOR_NAME = AccentColor;
				CODE_SIGN_STYLE = Automatic;
				CURRENT_PROJECT_VERSION = 1;
				DEVELOPMENT_ASSET_PATHS = "\"CurrencyConverter/Preview Content\"";
				DEVELOPMENT_TEAM = J32RGX64P6;
				ENABLE_PREVIEWS = YES;
				GENERATE_INFOPLIST_FILE = YES;
				INFOPLIST_KEY_UIApplicationSceneManifest_Generation = YES;
				INFOPLIST_KEY_UIApplicationSupportsIndirectInputEvents = YES;
				INFOPLIST_KEY_UILaunchScreen_Generation = YES;
				INFOPLIST_KEY_UISupportedInterfaceOrientations = UIInterfaceOrientationPortrait;
				INFOPLIST_KEY_UISupportedInterfaceOrientations_iPad = "UIInterfaceOrientationLandscapeLeft UIInterfaceOrientationLandscapeRight UIInterfaceOrientationPortrait UIInterfaceOrientationPortraitUpsideDown";
				LD_RUNPATH_SEARCH_PATHS = (
					"$(inherited)",
					"@executable_path/Frameworks",
				);
				MARKETING_VERSION = 1.0;
				PRODUCT_BUNDLE_IDENTIFIER = "Nick-Theodoridis.CurrencyConverter";
				PRODUCT_NAME = "$(TARGET_NAME)";
				SWIFT_EMIT_LOC_STRINGS = YES;
				SWIFT_VERSION = 5.0;
				TARGETED_DEVICE_FAMILY = "1,2";
			};
			name = Release;
		};
		690382DB2A1A5758008B6DBD /* Debug */ = {
			isa = XCBuildConfiguration;
			buildSettings = {
				ALWAYS_EMBED_SWIFT_STANDARD_LIBRARIES = YES;
				BUNDLE_LOADER = "$(TEST_HOST)";
				CODE_SIGN_STYLE = Automatic;
				CURRENT_PROJECT_VERSION = 1;
				GENERATE_INFOPLIST_FILE = YES;
				IPHONEOS_DEPLOYMENT_TARGET = 16.2;
				MARKETING_VERSION = 1.0;
				PRODUCT_BUNDLE_IDENTIFIER = "Nick-Theodoridis.CurrencyConverterTests";
				PRODUCT_NAME = "$(TARGET_NAME)";
				SWIFT_EMIT_LOC_STRINGS = NO;
				SWIFT_VERSION = 5.0;
				TARGETED_DEVICE_FAMILY = "1,2";
				TEST_HOST = "$(BUILT_PRODUCTS_DIR)/CurrencyConverter.app/$(BUNDLE_EXECUTABLE_FOLDER_PATH)/CurrencyConverter";
			};
			name = Debug;
		};
		690382DC2A1A5758008B6DBD /* Release */ = {
			isa = XCBuildConfiguration;
			buildSettings = {
				ALWAYS_EMBED_SWIFT_STANDARD_LIBRARIES = YES;
				BUNDLE_LOADER = "$(TEST_HOST)";
				CODE_SIGN_STYLE = Automatic;
				CURRENT_PROJECT_VERSION = 1;
				GENERATE_INFOPLIST_FILE = YES;
				IPHONEOS_DEPLOYMENT_TARGET = 16.2;
				MARKETING_VERSION = 1.0;
				PRODUCT_BUNDLE_IDENTIFIER = "Nick-Theodoridis.CurrencyConverterTests";
				PRODUCT_NAME = "$(TARGET_NAME)";
				SWIFT_EMIT_LOC_STRINGS = NO;
				SWIFT_VERSION = 5.0;
				TARGETED_DEVICE_FAMILY = "1,2";
				TEST_HOST = "$(BUILT_PRODUCTS_DIR)/CurrencyConverter.app/$(BUNDLE_EXECUTABLE_FOLDER_PATH)/CurrencyConverter";
			};
			name = Release;
		};
		690382DE2A1A5758008B6DBD /* Debug */ = {
			isa = XCBuildConfiguration;
			buildSettings = {
				ALWAYS_EMBED_SWIFT_STANDARD_LIBRARIES = YES;
				CODE_SIGN_STYLE = Automatic;
				CURRENT_PROJECT_VERSION = 1;
				GENERATE_INFOPLIST_FILE = YES;
				MARKETING_VERSION = 1.0;
				PRODUCT_BUNDLE_IDENTIFIER = "Nick-Theodoridis.CurrencyConverterUITests";
				PRODUCT_NAME = "$(TARGET_NAME)";
				SWIFT_EMIT_LOC_STRINGS = NO;
				SWIFT_VERSION = 5.0;
				TARGETED_DEVICE_FAMILY = "1,2";
				TEST_TARGET_NAME = CurrencyConverter;
			};
			name = Debug;
		};
		690382DF2A1A5758008B6DBD /* Release */ = {
			isa = XCBuildConfiguration;
			buildSettings = {
				ALWAYS_EMBED_SWIFT_STANDARD_LIBRARIES = YES;
				CODE_SIGN_STYLE = Automatic;
				CURRENT_PROJECT_VERSION = 1;
				GENERATE_INFOPLIST_FILE = YES;
				MARKETING_VERSION = 1.0;
				PRODUCT_BUNDLE_IDENTIFIER = "Nick-Theodoridis.CurrencyConverterUITests";
				PRODUCT_NAME = "$(TARGET_NAME)";
				SWIFT_EMIT_LOC_STRINGS = NO;
				SWIFT_VERSION = 5.0;
				TARGETED_DEVICE_FAMILY = "1,2";
				TEST_TARGET_NAME = CurrencyConverter;
			};
			name = Release;
		};
/* End XCBuildConfiguration section */

/* Begin XCConfigurationList section */
		690382AE2A1A5757008B6DBD /* Build configuration list for PBXProject "CurrencyConverter" */ = {
			isa = XCConfigurationList;
			buildConfigurations = (
				690382D52A1A5758008B6DBD /* Debug */,
				690382D62A1A5758008B6DBD /* Release */,
			);
			defaultConfigurationIsVisible = 0;
			defaultConfigurationName = Release;
		};
		690382D72A1A5758008B6DBD /* Build configuration list for PBXNativeTarget "CurrencyConverter" */ = {
			isa = XCConfigurationList;
			buildConfigurations = (
				690382D82A1A5758008B6DBD /* Debug */,
				690382D92A1A5758008B6DBD /* Release */,
			);
			defaultConfigurationIsVisible = 0;
			defaultConfigurationName = Release;
		};
		690382DA2A1A5758008B6DBD /* Build configuration list for PBXNativeTarget "CurrencyConverterTests" */ = {
			isa = XCConfigurationList;
			buildConfigurations = (
				690382DB2A1A5758008B6DBD /* Debug */,
				690382DC2A1A5758008B6DBD /* Release */,
			);
			defaultConfigurationIsVisible = 0;
			defaultConfigurationName = Release;
		};
		690382DD2A1A5758008B6DBD /* Build configuration list for PBXNativeTarget "CurrencyConverterUITests" */ = {
			isa = XCConfigurationList;
			buildConfigurations = (
				690382DE2A1A5758008B6DBD /* Debug */,
				690382DF2A1A5758008B6DBD /* Release */,
			);
			defaultConfigurationIsVisible = 0;
			defaultConfigurationName = Release;
		};
/* End XCConfigurationList section */
	};
	rootObject = 690382AB2A1A5757008B6DBD /* Project object */;
}
